
Microsoft Visual Studio Solution File, Format Version 12.00
# Visual Studio 15
VisualStudioVersion = 15.0.27130.2027
MinimumVisualStudioVersion = 10.0.40219.1
Project("{FAE04EC0-301F-11D3-BF4B-00C04F79EFBC}") = "Roulette", "Roulette\Roulette.csproj", "{D319CE77-0841-4739-8724-035F6F1F6464}"
EndProject
Global
	GlobalSection(SolutionConfigurationPlatforms) = preSolution
		Debug|Any CPU = Debug|Any CPU
		Release|Any CPU = Release|Any CPU
	EndGlobalSection
	GlobalSection(ProjectConfigurationPlatforms) = postSolution
		{D319CE77-0841-4739-8724-035F6F1F6464}.Debug|Any CPU.ActiveCfg = Debug|Any CPU
		{D319CE77-0841-4739-8724-035F6F1F6464}.Debug|Any CPU.Build.0 = Debug|Any CPU
		{D319CE77-0841-4739-8724-035F6F1F6464}.Release|Any CPU.ActiveCfg = Release|Any CPU
		{D319CE77-0841-4739-8724-035F6F1F6464}.Release|Any CPU.Build.0 = Release|Any CPU
	EndGlobalSection
	GlobalSection(SolutionProperties) = preSolution
		HideSolutionNode = FALSE
	EndGlobalSection
	GlobalSection(ExtensibilityGlobals) = postSolution
		SolutionGuid = {96D3EBCA-0AAE-4B6E-B5BF-E4C14C0FA213}
	EndGlobalSection
EndGlobal
